
Microsoft Visual Studio Solution File, Format Version 12.00
# Visual Studio Version 17
VisualStudioVersion = 17.7.34031.279
MinimumVisualStudioVersion = 10.0.40219.1
Project("{FAE04EC0-301F-11D3-BF4B-00C04F79EFBC}") = "CakeBuild", "CakeBuild\CakeBuild.csproj", "{FDED1601-7452-4AC7-9772-F22CCA73A4A2}"
EndProject
Project("{FAE04EC0-301F-11D3-BF4B-00C04F79EFBC}") = "nohands", "nohands\nohands.csproj", "{7AD4C367-BD8E-4F28-AF13-5E8B6184A0CD}"
EndProject
Global
	GlobalSection(SolutionConfigurationPlatforms) = preSolution
		Debug|Any CPU = Debug|Any CPU
		Release|Any CPU = Release|Any CPU
	EndGlobalSection
	GlobalSection(ProjectConfigurationPlatforms) = postSolution
		{FDED1601-7452-4AC7-9772-F22CCA73A4A2}.Debug|Any CPU.ActiveCfg = Debug|Any CPU
		{FDED1601-7452-4AC7-9772-F22CCA73A4A2}.Debug|Any CPU.Build.0 = Debug|Any CPU
		{FDED1601-7452-4AC7-9772-F22CCA73A4A2}.Release|Any CPU.ActiveCfg = Release|Any CPU
		{FDED1601-7452-4AC7-9772-F22CCA73A4A2}.Release|Any CPU.Build.0 = Release|Any CPU
		{7AD4C367-BD8E-4F28-AF13-5E8B6184A0CD}.Debug|Any CPU.ActiveCfg = Debug|Any CPU
		{7AD4C367-BD8E-4F28-AF13-5E8B6184A0CD}.Debug|Any CPU.Build.0 = Debug|Any CPU
		{7AD4C367-BD8E-4F28-AF13-5E8B6184A0CD}.Release|Any CPU.ActiveCfg = Release|Any CPU
		{7AD4C367-BD8E-4F28-AF13-5E8B6184A0CD}.Release|Any CPU.Build.0 = Release|Any CPU
	EndGlobalSection
	GlobalSection(SolutionProperties) = preSolution
		HideSolutionNode = FALSE
	EndGlobalSection
	GlobalSection(ExtensibilityGlobals) = postSolution
		SolutionGuid = {B89892C0-CA1E-4EFA-9D08-D136E5F5CCCE}
	EndGlobalSection
EndGlobal
